
Microsoft Visual Studio Solution File, Format Version 12.00
# Visual Studio Version 16
VisualStudioVersion = 16.0.31424.327
MinimumVisualStudioVersion = 10.0.40219.1
Project("{FAE04EC0-301F-11D3-BF4B-00C04F79EFBC}") = "Example.GettingStarted", "Example.GettingStarted\Example.GettingStarted.csproj", "{88163DE6-5234-4F1F-B464-A66BDBE84F38}"
EndProject
Project("{FAE04EC0-301F-11D3-BF4B-00C04F79EFBC}") = "Example.StatsSink.Console", "Example.StatsSink.Console\Example.StatsSink.Console.csproj", "{EA41C8FF-F596-46FB-B2AD-D216CE8394DA}"
EndProject
Global
	GlobalSection(SolutionConfigurationPlatforms) = preSolution
		Debug|Any CPU = Debug|Any CPU
		Release|Any CPU = Release|Any CPU
	EndGlobalSection
	GlobalSection(ProjectConfigurationPlatforms) = postSolution
		{88163DE6-5234-4F1F-B464-A66BDBE84F38}.Debug|Any CPU.ActiveCfg = Debug|Any CPU
		{88163DE6-5234-4F1F-B464-A66BDBE84F38}.Debug|Any CPU.Build.0 = Debug|Any CPU
		{88163DE6-5234-4F1F-B464-A66BDBE84F38}.Release|Any CPU.ActiveCfg = Release|Any CPU
		{88163DE6-5234-4F1F-B464-A66BDBE84F38}.Release|Any CPU.Build.0 = Release|Any CPU
		{EA41C8FF-F596-46FB-B2AD-D216CE8394DA}.Debug|Any CPU.ActiveCfg = Debug|Any CPU
		{EA41C8FF-F596-46FB-B2AD-D216CE8394DA}.Debug|Any CPU.Build.0 = Debug|Any CPU
		{EA41C8FF-F596-46FB-B2AD-D216CE8394DA}.Release|Any CPU.ActiveCfg = Release|Any CPU
		{EA41C8FF-F596-46FB-B2AD-D216CE8394DA}.Release|Any CPU.Build.0 = Release|Any CPU
	EndGlobalSection
	GlobalSection(SolutionProperties) = preSolution
		HideSolutionNode = FALSE
	EndGlobalSection
	GlobalSection(ExtensibilityGlobals) = postSolution
		SolutionGuid = {C04E6FB5-7877-44D1-B6BF-ECEB6B2A8D88}
	EndGlobalSection
EndGlobal
