
Microsoft Visual Studio Solution File, Format Version 12.00
# Visual Studio Version 16
VisualStudioVersion = 16.0.31229.75
MinimumVisualStudioVersion = 10.0.40219.1
Project("{9A19103F-16F7-4668-BE54-9A1E7A4F7556}") = "RemoteEntity", "RemoteEntity\RemoteEntity.csproj", "{6BFEC036-7062-4448-9899-17FB41867352}"
EndProject
Project("{9A19103F-16F7-4668-BE54-9A1E7A4F7556}") = "RemoteEntity.Redis", "RemoteEntity.Redis\RemoteEntity.Redis.csproj", "{830D2E79-DF4E-4544-9221-ED0F66DC48EE}"
EndProject
Project("{FAE04EC0-301F-11D3-BF4B-00C04F79EFBC}") = "RemoteEntity.Tests", "RemoteEntity.Tests\RemoteEntity.Tests.csproj", "{4F2F356D-EC37-48D3-AED5-5DD04A6F2FBB}"
EndProject
Project("{FAE04EC0-301F-11D3-BF4B-00C04F79EFBC}") = "RemoveEntity.Sample", "RemoveEntity.Sample\RemoveEntity.Sample.csproj", "{B89168AA-DA58-44EB-BB63-40707D7C7229}"
EndProject
Project("{FAE04EC0-301F-11D3-BF4B-00C04F79EFBC}") = "RemoteEntity.StatsSink.Elasticsearch", "RemoteEntity.StatsSink.Elasticsearch\RemoteEntity.StatsSink.Elasticsearch.csproj", "{1BDC9BA8-6BE3-4740-B05D-8E32B6250139}"
EndProject
Project("{2150E333-8FDC-42A3-9474-1A3956D46DE8}") = "StatsSinks", "StatsSinks", "{E2AD7A38-E2AC-4527-8492-4724F8F25755}"
EndProject
Project("{FAE04EC0-301F-11D3-BF4B-00C04F79EFBC}") = "RemoteEntity.StatsSink.Console", "RemoteEntity.StatsSink.Console\RemoteEntity.StatsSink.Console.csproj", "{5507F4F3-B061-4E96-8B73-4C24AFC652E4}"
EndProject
Project("{2150E333-8FDC-42A3-9474-1A3956D46DE8}") = "Examples", "Examples", "{514B8B4F-BE12-4B90-B06C-F331DD347AC3}"
EndProject
Project("{FAE04EC0-301F-11D3-BF4B-00C04F79EFBC}") = "Example.StatsSink.Console", "Example.StatsSink.Console\Example.StatsSink.Console.csproj", "{48816E22-5FFF-4B28-B2C7-A8575AC01C66}"
EndProject
Global
	GlobalSection(SolutionConfigurationPlatforms) = preSolution
		Debug|Any CPU = Debug|Any CPU
		Release|Any CPU = Release|Any CPU
	EndGlobalSection
	GlobalSection(ProjectConfigurationPlatforms) = postSolution
		{6BFEC036-7062-4448-9899-17FB41867352}.Debug|Any CPU.ActiveCfg = Debug|Any CPU
		{6BFEC036-7062-4448-9899-17FB41867352}.Debug|Any CPU.Build.0 = Debug|Any CPU
		{6BFEC036-7062-4448-9899-17FB41867352}.Release|Any CPU.ActiveCfg = Release|Any CPU
		{6BFEC036-7062-4448-9899-17FB41867352}.Release|Any CPU.Build.0 = Release|Any CPU
		{830D2E79-DF4E-4544-9221-ED0F66DC48EE}.Debug|Any CPU.ActiveCfg = Debug|Any CPU
		{830D2E79-DF4E-4544-9221-ED0F66DC48EE}.Debug|Any CPU.Build.0 = Debug|Any CPU
		{830D2E79-DF4E-4544-9221-ED0F66DC48EE}.Release|Any CPU.ActiveCfg = Release|Any CPU
		{830D2E79-DF4E-4544-9221-ED0F66DC48EE}.Release|Any CPU.Build.0 = Release|Any CPU
		{4F2F356D-EC37-48D3-AED5-5DD04A6F2FBB}.Debug|Any CPU.ActiveCfg = Debug|Any CPU
		{4F2F356D-EC37-48D3-AED5-5DD04A6F2FBB}.Debug|Any CPU.Build.0 = Debug|Any CPU
		{4F2F356D-EC37-48D3-AED5-5DD04A6F2FBB}.Release|Any CPU.ActiveCfg = Release|Any CPU
		{4F2F356D-EC37-48D3-AED5-5DD04A6F2FBB}.Release|Any CPU.Build.0 = Release|Any CPU
		{B89168AA-DA58-44EB-BB63-40707D7C7229}.Debug|Any CPU.ActiveCfg = Debug|Any CPU
		{B89168AA-DA58-44EB-BB63-40707D7C7229}.Debug|Any CPU.Build.0 = Debug|Any CPU
		{B89168AA-DA58-44EB-BB63-40707D7C7229}.Release|Any CPU.ActiveCfg = Release|Any CPU
		{B89168AA-DA58-44EB-BB63-40707D7C7229}.Release|Any CPU.Build.0 = Release|Any CPU
		{1BDC9BA8-6BE3-4740-B05D-8E32B6250139}.Debug|Any CPU.ActiveCfg = Debug|Any CPU
		{1BDC9BA8-6BE3-4740-B05D-8E32B6250139}.Debug|Any CPU.Build.0 = Debug|Any CPU
		{1BDC9BA8-6BE3-4740-B05D-8E32B6250139}.Release|Any CPU.ActiveCfg = Release|Any CPU
		{1BDC9BA8-6BE3-4740-B05D-8E32B6250139}.Release|Any CPU.Build.0 = Release|Any CPU
		{5507F4F3-B061-4E96-8B73-4C24AFC652E4}.Debug|Any CPU.ActiveCfg = Debug|Any CPU
		{5507F4F3-B061-4E96-8B73-4C24AFC652E4}.Debug|Any CPU.Build.0 = Debug|Any CPU
		{5507F4F3-B061-4E96-8B73-4C24AFC652E4}.Release|Any CPU.ActiveCfg = Release|Any CPU
		{5507F4F3-B061-4E96-8B73-4C24AFC652E4}.Release|Any CPU.Build.0 = Release|Any CPU
		{48816E22-5FFF-4B28-B2C7-A8575AC01C66}.Debug|Any CPU.ActiveCfg = Debug|Any CPU
		{48816E22-5FFF-4B28-B2C7-A8575AC01C66}.Debug|Any CPU.Build.0 = Debug|Any CPU
		{48816E22-5FFF-4B28-B2C7-A8575AC01C66}.Release|Any CPU.ActiveCfg = Release|Any CPU
		{48816E22-5FFF-4B28-B2C7-A8575AC01C66}.Release|Any CPU.Build.0 = Release|Any CPU
	EndGlobalSection
	GlobalSection(SolutionProperties) = preSolution
		HideSolutionNode = FALSE
	EndGlobalSection
	GlobalSection(ExtensibilityGlobals) = postSolution
		SolutionGuid = {C65617D0-8662-44E0-9A57-C3569A35024F}
	EndGlobalSection
	GlobalSection(NestedProjects) = preSolution
		{1BDC9BA8-6BE3-4740-B05D-8E32B6250139} = {E2AD7A38-E2AC-4527-8492-4724F8F25755}
		{5507F4F3-B061-4E96-8B73-4C24AFC652E4} = {E2AD7A38-E2AC-4527-8492-4724F8F25755}
		{48816E22-5FFF-4B28-B2C7-A8575AC01C66} = {514B8B4F-BE12-4B90-B06C-F331DD347AC3}
	EndGlobalSection
EndGlobal
